
Microsoft Visual Studio Solution File, Format Version 12.00
# Visual Studio Version 17
VisualStudioVersion = 17.0.32112.339
MinimumVisualStudioVersion = 10.0.40219.1
Project("{FAE04EC0-301F-11D3-BF4B-00C04F79EFBC}") = "DABAflevering2", "DABAflevering2\DABAflevering2.csproj", "{2D24B1BC-60E9-4680-BE7D-1E4A0F89AE40}"
EndProject
Global
	GlobalSection(SolutionConfigurationPlatforms) = preSolution
		Debug|Any CPU = Debug|Any CPU
		Release|Any CPU = Release|Any CPU
	EndGlobalSection
	GlobalSection(ProjectConfigurationPlatforms) = postSolution
		{2D24B1BC-60E9-4680-BE7D-1E4A0F89AE40}.Debug|Any CPU.ActiveCfg = Debug|Any CPU
		{2D24B1BC-60E9-4680-BE7D-1E4A0F89AE40}.Debug|Any CPU.Build.0 = Debug|Any CPU
		{2D24B1BC-60E9-4680-BE7D-1E4A0F89AE40}.Release|Any CPU.ActiveCfg = Release|Any CPU
		{2D24B1BC-60E9-4680-BE7D-1E4A0F89AE40}.Release|Any CPU.Build.0 = Release|Any CPU
	EndGlobalSection
	GlobalSection(SolutionProperties) = preSolution
		HideSolutionNode = FALSE
	EndGlobalSection
	GlobalSection(ExtensibilityGlobals) = postSolution
		SolutionGuid = {3AE0616F-1982-4185-A7A9-3EFCB77C73E0}
	EndGlobalSection
EndGlobal
